// !$*UTF8*$!
{
	archiveVersion = 1;
	classes = {
	};
	objectVersion = 50;
	objects = {

/* Begin PBXBuildFile section */
		535EECB7238DCB890037806A /* AppDelegate.swift in Sources */ = {isa = PBXBuildFile; fileRef = 535EECB6238DCB890037806A /* AppDelegate.swift */; };
		535EECB9238DCB890037806A /* SceneDelegate.swift in Sources */ = {isa = PBXBuildFile; fileRef = 535EECB8238DCB890037806A /* SceneDelegate.swift */; };
		535EECBB238DCB890037806A /* ViewController.swift in Sources */ = {isa = PBXBuildFile; fileRef = 535EECBA238DCB890037806A /* ViewController.swift */; };
		535EECBE238DCB890037806A /* Main.storyboard in Resources */ = {isa = PBXBuildFile; fileRef = 535EECBC238DCB890037806A /* Main.storyboard */; };
		535EECC0238DCB8A0037806A /* Assets.xcassets in Resources */ = {isa = PBXBuildFile; fileRef = 535EECBF238DCB8A0037806A /* Assets.xcassets */; };
		535EECC3238DCB8A0037806A /* LaunchScreen.storyboard in Resources */ = {isa = PBXBuildFile; fileRef = 535EECC1238DCB8A0037806A /* LaunchScreen.storyboard */; };
		53D3F7C723973BCD00949C48 /* AboutViewController.swift in Sources */ = {isa = PBXBuildFile; fileRef = 53D3F7C623973BCD00949C48 /* AboutViewController.swift */; };
		53D3F7C923974BF400949C48 /* BullsEye.html in Resources */ = {isa = PBXBuildFile; fileRef = 53D3F7C823974BF400949C48 /* BullsEye.html */; };
		53DDA555239548B100DE7198 /* Layout.swift in Sources */ = {isa = PBXBuildFile; fileRef = 53DDA554239548B100DE7198 /* Layout.swift */; };
/* End PBXBuildFile section */

/* Begin PBXFileReference section */
		535EECB3238DCB890037806A /* BullsEye.app */ = {isa = PBXFileReference; explicitFileType = wrapper.application; includeInIndex = 0; path = BullsEye.app; sourceTree = BUILT_PRODUCTS_DIR; };
		535EECB6238DCB890037806A /* AppDelegate.swift */ = {isa = PBXFileReference; lastKnownFileType = sourcecode.swift; path = AppDelegate.swift; sourceTree = "<group>"; };
		535EECB8238DCB890037806A /* SceneDelegate.swift */ = {isa = PBXFileReference; lastKnownFileType = sourcecode.swift; path = SceneDelegate.swift; sourceTree = "<group>"; };
		535EECBA238DCB890037806A /* ViewController.swift */ = {isa = PBXFileReference; lastKnownFileType = sourcecode.swift; path = ViewController.swift; sourceTree = "<group>"; };
		535EECBD238DCB890037806A /* Base */ = {isa = PBXFileReference; lastKnownFileType = file.storyboard; name = Base; path = Base.lproj/Main.storyboard; sourceTree = "<group>"; };
		535EECBF238DCB8A0037806A /* Assets.xcassets */ = {isa = PBXFileReference; lastKnownFileType = folder.assetcatalog; path = Assets.xcassets; sourceTree = "<group>"; };
		535EECC2238DCB8A0037806A /* Base */ = {isa = PBXFileReference; lastKnownFileType = file.storyboard; name = Base; path = Base.lproj/LaunchScreen.storyboard; sourceTree = "<group>"; };
		535EECC4238DCB8A0037806A /* Info.plist */ = {isa = PBXFileReference; lastKnownFileType = text.plist.xml; path = Info.plist; sourceTree = "<group>"; };
		53D3F7C623973BCD00949C48 /* AboutViewController.swift */ = {isa = PBXFileReference; lastKnownFileType = sourcecode.swift; path = AboutViewController.swift; sourceTree = "<group>"; };
		53D3F7C823974BF400949C48 /* BullsEye.html */ = {isa = PBXFileReference; fileEncoding = 4; lastKnownFileType = text.html; path = BullsEye.html; sourceTree = "<group>"; };
		53DDA554239548B100DE7198 /* Layout.swift */ = {isa = PBXFileReference; lastKnownFileType = sourcecode.swift; path = Layout.swift; sourceTree = "<group>"; };
/* End PBXFileReference section */

/* Begin PBXFrameworksBuildPhase section */
		535EECB0238DCB890037806A /* Frameworks */ = {
			isa = PBXFrameworksBuildPhase;
			buildActionMask = 2147483647;
			files = (
			);
			runOnlyForDeploymentPostprocessing = 0;
		};
/* End PBXFrameworksBuildPhase section */

/* Begin PBXGroup section */
		535EECAA238DCB890037806A = {
			isa = PBXGroup;
			children = (
				535EECB5238DCB890037806A /* BullsEye */,
				535EECB4238DCB890037806A /* Products */,
			);
			sourceTree = "<group>";
		};
		535EECB4238DCB890037806A /* Products */ = {
			isa = PBXGroup;
			children = (
				535EECB3238DCB890037806A /* BullsEye.app */,
			);
			name = Products;
			sourceTree = "<group>";
		};
		535EECB5238DCB890037806A /* BullsEye */ = {
			isa = PBXGroup;
			children = (
				53D54F40238F3BB4009C62B5 /* Views */,
				535EECB6238DCB890037806A /* AppDelegate.swift */,
				535EECB8238DCB890037806A /* SceneDelegate.swift */,
				53D54F3F238F3BA4009C62B5 /* Controllers */,
				535EECBC238DCB890037806A /* Main.storyboard */,
				535EECBF238DCB8A0037806A /* Assets.xcassets */,
				535EECC1238DCB8A0037806A /* LaunchScreen.storyboard */,
				535EECC4238DCB8A0037806A /* Info.plist */,
			);
			path = BullsEye;
			sourceTree = "<group>";
		};
		53D54F3F238F3BA4009C62B5 /* Controllers */ = {
			isa = PBXGroup;
			children = (
				535EECBA238DCB890037806A /* ViewController.swift */,
				53D3F7C623973BCD00949C48 /* AboutViewController.swift */,
			);
			path = Controllers;
			sourceTree = "<group>";
		};
		53D54F40238F3BB4009C62B5 /* Views */ = {
			isa = PBXGroup;
			children = (
				53D3F7C823974BF400949C48 /* BullsEye.html */,
				53DDA554239548B100DE7198 /* Layout.swift */,
			);
			path = Views;
			sourceTree = "<group>";
		};
/* End PBXGroup section */

/* Begin PBXNativeTarget section */
		535EECB2238DCB890037806A /* BullsEye */ = {
			isa = PBXNativeTarget;
			buildConfigurationList = 535EECC7238DCB8A0037806A /* Build configuration list for PBXNativeTarget "BullsEye" */;
			buildPhases = (
				535EECAF238DCB890037806A /* Sources */,
				535EECB0238DCB890037806A /* Frameworks */,
				535EECB1238DCB890037806A /* Resources */,
			);
			buildRules = (
			);
			dependencies = (
			);
			name = BullsEye;
			productName = BullsEye;
			productReference = 535EECB3238DCB890037806A /* BullsEye.app */;
			productType = "com.apple.product-type.application";
		};
/* End PBXNativeTarget section */

/* Begin PBXProject section */
		535EECAB238DCB890037806A /* Project object */ = {
			isa = PBXProject;
			attributes = {
				LastSwiftUpdateCheck = 1100;
				LastUpgradeCheck = 1100;
				ORGANIZATIONNAME = NGUYENLONGTIEN;
				TargetAttributes = {
					535EECB2238DCB890037806A = {
						CreatedOnToolsVersion = 11.0;
					};
				};
			};
			buildConfigurationList = 535EECAE238DCB890037806A /* Build configuration list for PBXProject "BullsEye" */;
			compatibilityVersion = "Xcode 9.3";
			developmentRegion = en;
			hasScannedForEncodings = 0;
			knownRegions = (
				en,
				Base,
			);
			mainGroup = 535EECAA238DCB890037806A;
			productRefGroup = 535EECB4238DCB890037806A /* Products */;
			projectDirPath = "";
			projectRoot = "";
			targets = (
				535EECB2238DCB890037806A /* BullsEye */,
			);
		};
/* End PBXProject section */

/* Begin PBXResourcesBuildPhase section */
		535EECB1238DCB890037806A /* Resources */ = {
			isa = PBXResourcesBuildPhase;
			buildActionMask = 2147483647;
			files = (
				535EECC3238DCB8A0037806A /* LaunchScreen.storyboard in Resources */,
				53D3F7C923974BF400949C48 /* BullsEye.html in Resources */,
				535EECC0238DCB8A0037806A /* Assets.xcassets in Resources */,
				535EECBE238DCB890037806A /* Main.storyboard in Resources */,
			);
			runOnlyForDeploymentPostprocessing = 0;
		};
/* End PBXResourcesBuildPhase section */

/* Begin PBXSourcesBuildPhase section */
		535EECAF238DCB890037806A /* Sources */ = {
			isa = PBXSourcesBuildPhase;
			buildActionMask = 2147483647;
			files = (
				535EECBB238DCB890037806A /* ViewController.swift in Sources */,
				53DDA555239548B100DE7198 /* Layout.swift in Sources */,
				535EECB7238DCB890037806A /* AppDelegate.swift in Sources */,
				53D3F7C723973BCD00949C48 /* AboutViewController.swift in Sources */,
				535EECB9238DCB890037806A /* SceneDelegate.swift in Sources */,
			);
			runOnlyForDeploymentPostprocessing = 0;
		};
/* End PBXSourcesBuildPhase section */

/* Begin PBXVariantGroup section */
		535EECBC238DCB890037806A /* Main.storyboard */ = {
			isa = PBXVariantGroup;
			children = (
				535EECBD238DCB890037806A /* Base */,
			);
			name = Main.storyboard;
			sourceTree = "<group>";
		};
		535EECC1238DCB8A0037806A /* LaunchScreen.storyboard */ = {
			isa = PBXVariantGroup;
			children = (
				535EECC2238DCB8A0037806A /* Base */,
			);
			name = LaunchScreen.storyboard;
			sourceTree = "<group>";
		};
/* End PBXVariantGroup section */

/* Begin XCBuildConfiguration section */
		535EECC5238DCB8A0037806A /* Debug */ = {
			isa = XCBuildConfiguration;
			buildSettings = {
				ALWAYS_SEARCH_USER_PATHS = NO;
				CLANG_ANALYZER_NONNULL = YES;
				CLANG_ANALYZER_NUMBER_OBJECT_CONVERSION = YES_AGGRESSIVE;
				CLANG_CXX_LANGUAGE_STANDARD = "gnu++14";
				CLANG_CXX_LIBRARY = "libc++";
				CLANG_ENABLE_MODULES = YES;
				CLANG_ENABLE_OBJC_ARC = YES;
				CLANG_ENABLE_OBJC_WEAK = YES;
				CLANG_WARN_BLOCK_CAPTURE_AUTORELEASING = YES;
				CLANG_WARN_BOOL_CONVERSION = YES;
				CLANG_WARN_COMMA = YES;
				CLANG_WARN_CONSTANT_CONVERSION = YES;
				CLANG_WARN_DEPRECATED_OBJC_IMPLEMENTATIONS = YES;
				CLANG_WARN_DIRECT_OBJC_ISA_USAGE = YES_ERROR;
				CLANG_WARN_DOCUMENTATION_COMMENTS = YES;
				CLANG_WARN_EMPTY_BODY = YES;
				CLANG_WARN_ENUM_CONVERSION = YES;
				CLANG_WARN_INFINITE_RECURSION = YES;
				CLANG_WARN_INT_CONVERSION = YES;
				CLANG_WARN_NON_LITERAL_NULL_CONVERSION = YES;
				CLANG_WARN_OBJC_IMPLICIT_RETAIN_SELF = YES;
				CLANG_WARN_OBJC_LITERAL_CONVERSION = YES;
				CLANG_WARN_OBJC_ROOT_CLASS = YES_ERROR;
				CLANG_WARN_RANGE_LOOP_ANALYSIS = YES;
				CLANG_WARN_STRICT_PROTOTYPES = YES;
				CLANG_WARN_SUSPICIOUS_MOVE = YES;
				CLANG_WARN_UNGUARDED_AVAILABILITY = YES_AGGRESSIVE;
				CLANG_WARN_UNREACHABLE_CODE = YES;
				CLANG_WARN__DUPLICATE_METHOD_MATCH = YES;
				COPY_PHASE_STRIP = NO;
				DEBUG_INFORMATION_FORMAT = dwarf;
				ENABLE_STRICT_OBJC_MSGSEND = YES;
				ENABLE_TESTABILITY = YES;
				GCC_C_LANGUAGE_STANDARD = gnu11;
				GCC_DYNAMIC_NO_PIC = NO;
				GCC_NO_COMMON_BLOCKS = YES;
				GCC_OPTIMIZATION_LEVEL = 0;
				GCC_PREPROCESSOR_DEFINITIONS = (
					"DEBUG=1",
					"$(inherited)",
				);
				GCC_WARN_64_TO_32_BIT_CONVERSION = YES;
				GCC_WARN_ABOUT_RETURN_TYPE = YES_ERROR;
				GCC_WARN_UNDECLARED_SELECTOR = YES;
				GCC_WARN_UNINITIALIZED_AUTOS = YES_AGGRESSIVE;
				GCC_WARN_UNUSED_FUNCTION = YES;
				GCC_WARN_UNUSED_VARIABLE = YES;
				IPHONEOS_DEPLOYMENT_TARGET = 13.0;
				MTL_ENABLE_DEBUG_INFO = INCLUDE_SOURCE;
				MTL_FAST_MATH = YES;
				ONLY_ACTIVE_ARCH = YES;
				SDKROOT = iphoneos;
				SWIFT_ACTIVE_COMPILATION_CONDITIONS = DEBUG;
				SWIFT_OPTIMIZATION_LEVEL = "-Onone";
			};
			name = Debug;
		};
		535EECC6238DCB8A0037806A /* Release */ = {
			isa = XCBuildConfiguration;
			buildSettings = {
				ALWAYS_SEARCH_USER_PATHS = NO;
				CLANG_ANALYZER_NONNULL = YES;
				CLANG_ANALYZER_NUMBER_OBJECT_CONVERSION = YES_AGGRESSIVE;
				CLANG_CXX_LANGUAGE_STANDARD = "gnu++14";
				CLANG_CXX_LIBRARY = "libc++";
				CLANG_ENABLE_MODULES = YES;
				CLANG_ENABLE_OBJC_ARC = YES;
				CLANG_ENABLE_OBJC_WEAK = YES;
				CLANG_WARN_BLOCK_CAPTURE_AUTORELEASING = YES;
				CLANG_WARN_BOOL_CONVERSION = YES;
				CLANG_WARN_COMMA = YES;
				CLANG_WARN_CONSTANT_CONVERSION = YES;
				CLANG_WARN_DEPRECATED_OBJC_IMPLEMENTATIONS = YES;
				CLANG_WARN_DIRECT_OBJC_ISA_USAGE = YES_ERROR;
				CLANG_WARN_DOCUMENTATION_COMMENTS = YES;
				CLANG_WARN_EMPTY_BODY = YES;
				CLANG_WARN_ENUM_CONVERSION = YES;
				CLANG_WARN_INFINITE_RECURSION = YES;
				CLANG_WARN_INT_CONVERSION = YES;
				CLANG_WARN_NON_LITERAL_NULL_CONVERSION = YES;
				CLANG_WARN_OBJC_IMPLICIT_RETAIN_SELF = YES;
				CLANG_WARN_OBJC_LITERAL_CONVERSION = YES;
				CLANG_WARN_OBJC_ROOT_CLASS = YES_ERROR;
				CLANG_WARN_RANGE_LOOP_ANALYSIS = YES;
				CLANG_WARN_STRICT_PROTOTYPES = YES;
				CLANG_WARN_SUSPICIOUS_MOVE = YES;
				CLANG_WARN_UNGUARDED_AVAILABILITY = YES_AGGRESSIVE;
				CLANG_WARN_UNREACHABLE_CODE = YES;
				CLANG_WARN__DUPLICATE_METHOD_MATCH = YES;
				COPY_PHASE_STRIP = NO;
				DEBUG_INFORMATION_FORMAT = "dwarf-with-dsym";
				ENABLE_NS_ASSERTIONS = NO;
				ENABLE_STRICT_OBJC_MSGSEND = YES;
				GCC_C_LANGUAGE_STANDARD = gnu11;
				GCC_NO_COMMON_BLOCKS = YES;
				GCC_WARN_64_TO_32_BIT_CONVERSION = YES;
				GCC_WARN_ABOUT_RETURN_TYPE = YES_ERROR;
				GCC_WARN_UNDECLARED_SELECTOR = YES;
				GCC_WARN_UNINITIALIZED_AUTOS = YES_AGGRESSIVE;
				GCC_WARN_UNUSED_FUNCTION = YES;
				GCC_WARN_UNUSED_VARIABLE = YES;
				IPHONEOS_DEPLOYMENT_TARGET = 13.0;
				MTL_ENABLE_DEBUG_INFO = NO;
				MTL_FAST_MATH = YES;
				SDKROOT = iphoneos;
				SWIFT_COMPILATION_MODE = wholemodule;
				SWIFT_OPTIMIZATION_LEVEL = "-O";
				VALIDATE_PRODUCT = YES;
			};
			name = Release;
		};
		535EECC8238DCB8A0037806A /* Debug */ = {
			isa = XCBuildConfiguration;
			buildSettings = {
				ASSETCATALOG_COMPILER_APPICON_NAME = AppIcon;
				CODE_SIGN_STYLE = Automatic;
				DEVELOPMENT_TEAM = K5ZMABR8MY;
				INFOPLIST_FILE = BullsEye/Info.plist;
				LD_RUNPATH_SEARCH_PATHS = (
					"$(inherited)",
					"@executable_path/Frameworks",
				);
				PRODUCT_BUNDLE_IDENTIFIER = com.nhatlongtien.BullsEye;
				PRODUCT_NAME = "$(TARGET_NAME)";
				SWIFT_VERSION = 5.0;
				TARGETED_DEVICE_FAMILY = "1,2";
			};
			name = Debug;
		};
		535EECC9238DCB8A0037806A /* Release */ = {
			isa = XCBuildConfiguration;
			buildSettings = {
				ASSETCATALOG_COMPILER_APPICON_NAME = AppIcon;
				CODE_SIGN_STYLE = Automatic;
				DEVELOPMENT_TEAM = K5ZMABR8MY;
				INFOPLIST_FILE = BullsEye/Info.plist;
				LD_RUNPATH_SEARCH_PATHS = (
					"$(inherited)",
					"@executable_path/Frameworks",
				);
				PRODUCT_BUNDLE_IDENTIFIER = com.nhatlongtien.BullsEye;
				PRODUCT_NAME = "$(TARGET_NAME)";
				SWIFT_VERSION = 5.0;
				TARGETED_DEVICE_FAMILY = "1,2";
			};
			name = Release;
		};
/* End XCBuildConfiguration section */

/* Begin XCConfigurationList section */
		535EECAE238DCB890037806A /* Build configuration list for PBXProject "BullsEye" */ = {
			isa = XCConfigurationList;
			buildConfigurations = (
				535EECC5238DCB8A0037806A /* Debug */,
				535EECC6238DCB8A0037806A /* Release */,
			);
			defaultConfigurationIsVisible = 0;
			defaultConfigurationName = Release;
		};
		535EECC7238DCB8A0037806A /* Build configuration list for PBXNativeTarget "BullsEye" */ = {
			isa = XCConfigurationList;
			buildConfigurations = (
				535EECC8238DCB8A0037806A /* Debug */,
				535EECC9238DCB8A0037806A /* Release */,
			);
			defaultConfigurationIsVisible = 0;
			defaultConfigurationName = Release;
		};
/* End XCConfigurationList section */
	};
	rootObject = 535EECAB238DCB890037806A /* Project object */;
}
